// !$*UTF8*$!
{
	archiveVersion = 1;
	classes = {
	};
	objectVersion = 46;
	objects = {

/* Begin PBXBuildFile section */
		A9750C791D9A3FCB001CF9A4 /* main.m in Sources */ = {isa = PBXBuildFile; fileRef = A9750C781D9A3FCB001CF9A4 /* main.m */; };
		A9750C7C1D9A3FCB001CF9A4 /* AppDelegate.m in Sources */ = {isa = PBXBuildFile; fileRef = A9750C7B1D9A3FCB001CF9A4 /* AppDelegate.m */; };
		A9750C7F1D9A3FCB001CF9A4 /* ViewController.m in Sources */ = {isa = PBXBuildFile; fileRef = A9750C7E1D9A3FCB001CF9A4 /* ViewController.m */; };
		A9750C821D9A3FCB001CF9A4 /* Main.storyboard in Resources */ = {isa = PBXBuildFile; fileRef = A9750C801D9A3FCB001CF9A4 /* Main.storyboard */; };
		A9750C841D9A3FCB001CF9A4 /* Assets.xcassets in Resources */ = {isa = PBXBuildFile; fileRef = A9750C831D9A3FCB001CF9A4 /* Assets.xcassets */; };
		A9750C871D9A3FCB001CF9A4 /* LaunchScreen.storyboard in Resources */ = {isa = PBXBuildFile; fileRef = A9750C851D9A3FCB001CF9A4 /* LaunchScreen.storyboard */; };
		A9750C921D9A3FCB001CF9A4 /* scrollviewTests.m in Sources */ = {isa = PBXBuildFile; fileRef = A9750C911D9A3FCB001CF9A4 /* scrollviewTests.m */; };
		A9750C9D1D9A3FCB001CF9A4 /* scrollviewUITests.m in Sources */ = {isa = PBXBuildFile; fileRef = A9750C9C1D9A3FCB001CF9A4 /* scrollviewUITests.m */; };
		A9750CAC1D9A3FF3001CF9A4 /* ZSScrollview.m in Sources */ = {isa = PBXBuildFile; fileRef = A9750CAB1D9A3FF3001CF9A4 /* ZSScrollview.m */; };
		A9750CAF1D9A6304001CF9A4 /* DarwCircleProgressButton.m in Sources */ = {isa = PBXBuildFile; fileRef = A9750CAE1D9A6304001CF9A4 /* DarwCircleProgressButton.m */; };
		A9750CB21D9A68AD001CF9A4 /* DrawCircleProgressButton.m in Sources */ = {isa = PBXBuildFile; fileRef = A9750CB11D9A68AD001CF9A4 /* DrawCircleProgressButton.m */; };
/* End PBXBuildFile section */

/* Begin PBXContainerItemProxy section */
		A9750C8E1D9A3FCB001CF9A4 /* PBXContainerItemProxy */ = {
			isa = PBXContainerItemProxy;
			containerPortal = A9750C6C1D9A3FCB001CF9A4 /* Project object */;
			proxyType = 1;
			remoteGlobalIDString = A9750C731D9A3FCB001CF9A4;
			remoteInfo = scrollview;
		};
		A9750C991D9A3FCB001CF9A4 /* PBXContainerItemProxy */ = {
			isa = PBXContainerItemProxy;
			containerPortal = A9750C6C1D9A3FCB001CF9A4 /* Project object */;
			proxyType = 1;
			remoteGlobalIDString = A9750C731D9A3FCB001CF9A4;
			remoteInfo = scrollview;
		};
/* End PBXContainerItemProxy section */

/* Begin PBXFileReference section */
		A9750C741D9A3FCB001CF9A4 /* scrollview.app */ = {isa = PBXFileReference; explicitFileType = wrapper.application; includeInIndex = 0; path = scrollview.app; sourceTree = BUILT_PRODUCTS_DIR; };
		A9750C781D9A3FCB001CF9A4 /* main.m */ = {isa = PBXFileReference; lastKnownFileType = sourcecode.c.objc; path = main.m; sourceTree = "<group>"; };
		A9750C7A1D9A3FCB001CF9A4 /* AppDelegate.h */ = {isa = PBXFileReference; lastKnownFileType = sourcecode.c.h; path = AppDelegate.h; sourceTree = "<group>"; };
		A9750C7B1D9A3FCB001CF9A4 /* AppDelegate.m */ = {isa = PBXFileReference; lastKnownFileType = sourcecode.c.objc; path = AppDelegate.m; sourceTree = "<group>"; };
		A9750C7D1D9A3FCB001CF9A4 /* ViewController.h */ = {isa = PBXFileReference; lastKnownFileType = sourcecode.c.h; path = ViewController.h; sourceTree = "<group>"; };
		A9750C7E1D9A3FCB001CF9A4 /* ViewController.m */ = {isa = PBXFileReference; lastKnownFileType = sourcecode.c.objc; path = ViewController.m; sourceTree = "<group>"; };
		A9750C811D9A3FCB001CF9A4 /* Base */ = {isa = PBXFileReference; lastKnownFileType = file.storyboard; name = Base; path = Base.lproj/Main.storyboard; sourceTree = "<group>"; };
		A9750C831D9A3FCB001CF9A4 /* Assets.xcassets */ = {isa = PBXFileReference; lastKnownFileType = folder.assetcatalog; path = Assets.xcassets; sourceTree = "<group>"; };
		A9750C861D9A3FCB001CF9A4 /* Base */ = {isa = PBXFileReference; lastKnownFileType = file.storyboard; name = Base; path = Base.lproj/LaunchScreen.storyboard; sourceTree = "<group>"; };
		A9750C881D9A3FCB001CF9A4 /* Info.plist */ = {isa = PBXFileReference; lastKnownFileType = text.plist.xml; path = Info.plist; sourceTree = "<group>"; };
		A9750C8D1D9A3FCB001CF9A4 /* scrollviewTests.xctest */ = {isa = PBXFileReference; explicitFileType = wrapper.cfbundle; includeInIndex = 0; path = scrollviewTests.xctest; sourceTree = BUILT_PRODUCTS_DIR; };
		A9750C911D9A3FCB001CF9A4 /* scrollviewTests.m */ = {isa = PBXFileReference; lastKnownFileType = sourcecode.c.objc; path = scrollviewTests.m; sourceTree = "<group>"; };
		A9750C931D9A3FCB001CF9A4 /* Info.plist */ = {isa = PBXFileReference; lastKnownFileType = text.plist.xml; path = Info.plist; sourceTree = "<group>"; };
		A9750C981D9A3FCB001CF9A4 /* scrollviewUITests.xctest */ = {isa = PBXFileReference; explicitFileType = wrapper.cfbundle; includeInIndex = 0; path = scrollviewUITests.xctest; sourceTree = BUILT_PRODUCTS_DIR; };
		A9750C9C1D9A3FCB001CF9A4 /* scrollviewUITests.m */ = {isa = PBXFileReference; lastKnownFileType = sourcecode.c.objc; path = scrollviewUITests.m; sourceTree = "<group>"; };
		A9750C9E1D9A3FCB001CF9A4 /* Info.plist */ = {isa = PBXFileReference; lastKnownFileType = text.plist.xml; path = Info.plist; sourceTree = "<group>"; };
		A9750CAA1D9A3FF3001CF9A4 /* ZSScrollview.h */ = {isa = PBXFileReference; fileEncoding = 4; lastKnownFileType = sourcecode.c.h; path = ZSScrollview.h; sourceTree = "<group>"; };
		A9750CAB1D9A3FF3001CF9A4 /* ZSScrollview.m */ = {isa = PBXFileReference; fileEncoding = 4; lastKnownFileType = sourcecode.c.objc; path = ZSScrollview.m; sourceTree = "<group>"; };
		A9750CAD1D9A6304001CF9A4 /* DarwCircleProgressButton.h */ = {isa = PBXFileReference; fileEncoding = 4; lastKnownFileType = sourcecode.c.h; path = DarwCircleProgressButton.h; sourceTree = "<group>"; };
		A9750CAE1D9A6304001CF9A4 /* DarwCircleProgressButton.m */ = {isa = PBXFileReference; fileEncoding = 4; lastKnownFileType = sourcecode.c.objc; path = DarwCircleProgressButton.m; sourceTree = "<group>"; };
		A9750CB01D9A68AD001CF9A4 /* DrawCircleProgressButton.h */ = {isa = PBXFileReference; fileEncoding = 4; lastKnownFileType = sourcecode.c.h; path = DrawCircleProgressButton.h; sourceTree = "<group>"; };
		A9750CB11D9A68AD001CF9A4 /* DrawCircleProgressButton.m */ = {isa = PBXFileReference; fileEncoding = 4; lastKnownFileType = sourcecode.c.objc; path = DrawCircleProgressButton.m; sourceTree = "<group>"; };
/* End PBXFileReference section */

/* Begin PBXFrameworksBuildPhase section */
		A9750C711D9A3FCB001CF9A4 /* Frameworks */ = {
			isa = PBXFrameworksBuildPhase;
			buildActionMask = 2147483647;
			files = (
			);
			runOnlyForDeploymentPostprocessing = 0;
		};
		A9750C8A1D9A3FCB001CF9A4 /* Frameworks */ = {
			isa = PBXFrameworksBuildPhase;
			buildActionMask = 2147483647;
			files = (
			);
			runOnlyForDeploymentPostprocessing = 0;
		};
		A9750C951D9A3FCB001CF9A4 /* Frameworks */ = {
			isa = PBXFrameworksBuildPhase;
			buildActionMask = 2147483647;
			files = (
			);
			runOnlyForDeploymentPostprocessing = 0;
		};
/* End PBXFrameworksBuildPhase section */

/* Begin PBXGroup section */
		A9750C6B1D9A3FCB001CF9A4 = {
			isa = PBXGroup;
			children = (
				A9750C761D9A3FCB001CF9A4 /* scrollview */,
				A9750C901D9A3FCB001CF9A4 /* scrollviewTests */,
				A9750C9B1D9A3FCB001CF9A4 /* scrollviewUITests */,
				A9750C751D9A3FCB001CF9A4 /* Products */,
			);
			sourceTree = "<group>";
		};
		A9750C751D9A3FCB001CF9A4 /* Products */ = {
			isa = PBXGroup;
			children = (
				A9750C741D9A3FCB001CF9A4 /* scrollview.app */,
				A9750C8D1D9A3FCB001CF9A4 /* scrollviewTests.xctest */,
				A9750C981D9A3FCB001CF9A4 /* scrollviewUITests.xctest */,
			);
			name = Products;
			sourceTree = "<group>";
		};
		A9750C761D9A3FCB001CF9A4 /* scrollview */ = {
			isa = PBXGroup;
			children = (
				A9750C7A1D9A3FCB001CF9A4 /* AppDelegate.h */,
				A9750C7B1D9A3FCB001CF9A4 /* AppDelegate.m */,
				A9750C7D1D9A3FCB001CF9A4 /* ViewController.h */,
				A9750C7E1D9A3FCB001CF9A4 /* ViewController.m */,
				A9750CAA1D9A3FF3001CF9A4 /* ZSScrollview.h */,
				A9750CAB1D9A3FF3001CF9A4 /* ZSScrollview.m */,
				A9750CB01D9A68AD001CF9A4 /* DrawCircleProgressButton.h */,
				A9750CB11D9A68AD001CF9A4 /* DrawCircleProgressButton.m */,
				A9750CAD1D9A6304001CF9A4 /* DarwCircleProgressButton.h */,
				A9750CAE1D9A6304001CF9A4 /* DarwCircleProgressButton.m */,
				A9750C801D9A3FCB001CF9A4 /* Main.storyboard */,
				A9750C831D9A3FCB001CF9A4 /* Assets.xcassets */,
				A9750C851D9A3FCB001CF9A4 /* LaunchScreen.storyboard */,
				A9750C881D9A3FCB001CF9A4 /* Info.plist */,
				A9750C771D9A3FCB001CF9A4 /* Supporting Files */,
			);
			path = scrollview;
			sourceTree = "<group>";
		};
		A9750C771D9A3FCB001CF9A4 /* Supporting Files */ = {
			isa = PBXGroup;
			children = (
				A9750C781D9A3FCB001CF9A4 /* main.m */,
			);
			name = "Supporting Files";
			sourceTree = "<group>";
		};
		A9750C901D9A3FCB001CF9A4 /* scrollviewTests */ = {
			isa = PBXGroup;
			children = (
				A9750C911D9A3FCB001CF9A4 /* scrollviewTests.m */,
				A9750C931D9A3FCB001CF9A4 /* Info.plist */,
			);
			path = scrollviewTests;
			sourceTree = "<group>";
		};
		A9750C9B1D9A3FCB001CF9A4 /* scrollviewUITests */ = {
			isa = PBXGroup;
			children = (
				A9750C9C1D9A3FCB001CF9A4 /* scrollviewUITests.m */,
				A9750C9E1D9A3FCB001CF9A4 /* Info.plist */,
			);
			path = scrollviewUITests;
			sourceTree = "<group>";
		};
/* End PBXGroup section */

/* Begin PBXNativeTarget section */
		A9750C731D9A3FCB001CF9A4 /* scrollview */ = {
			isa = PBXNativeTarget;
			buildConfigurationList = A9750CA11D9A3FCB001CF9A4 /* Build configuration list for PBXNativeTarget "scrollview" */;
			buildPhases = (
				A9750C701D9A3FCB001CF9A4 /* Sources */,
				A9750C711D9A3FCB001CF9A4 /* Frameworks */,
				A9750C721D9A3FCB001CF9A4 /* Resources */,
			);
			buildRules = (
			);
			dependencies = (
			);
			name = scrollview;
			productName = scrollview;
			productReference = A9750C741D9A3FCB001CF9A4 /* scrollview.app */;
			productType = "com.apple.product-type.application";
		};
		A9750C8C1D9A3FCB001CF9A4 /* scrollviewTests */ = {
			isa = PBXNativeTarget;
			buildConfigurationList = A9750CA41D9A3FCB001CF9A4 /* Build configuration list for PBXNativeTarget "scrollviewTests" */;
			buildPhases = (
				A9750C891D9A3FCB001CF9A4 /* Sources */,
				A9750C8A1D9A3FCB001CF9A4 /* Frameworks */,
				A9750C8B1D9A3FCB001CF9A4 /* Resources */,
			);
			buildRules = (
			);
			dependencies = (
				A9750C8F1D9A3FCB001CF9A4 /* PBXTargetDependency */,
			);
			name = scrollviewTests;
			productName = scrollviewTests;
			productReference = A9750C8D1D9A3FCB001CF9A4 /* scrollviewTests.xctest */;
			productType = "com.apple.product-type.bundle.unit-test";
		};
		A9750C971D9A3FCB001CF9A4 /* scrollviewUITests */ = {
			isa = PBXNativeTarget;
			buildConfigurationList = A9750CA71D9A3FCB001CF9A4 /* Build configuration list for PBXNativeTarget "scrollviewUITests" */;
			buildPhases = (
				A9750C941D9A3FCB001CF9A4 /* Sources */,
				A9750C951D9A3FCB001CF9A4 /* Frameworks */,
				A9750C961D9A3FCB001CF9A4 /* Resources */,
			);
			buildRules = (
			);
			dependencies = (
				A9750C9A1D9A3FCB001CF9A4 /* PBXTargetDependency */,
			);
			name = scrollviewUITests;
			productName = scrollviewUITests;
			productReference = A9750C981D9A3FCB001CF9A4 /* scrollviewUITests.xctest */;
			productType = "com.apple.product-type.bundle.ui-testing";
		};
/* End PBXNativeTarget section */

/* Begin PBXProject section */
		A9750C6C1D9A3FCB001CF9A4 /* Project object */ = {
			isa = PBXProject;
			attributes = {
				LastUpgradeCheck = 0720;
				ORGANIZATIONNAME = Black;
				TargetAttributes = {
					A9750C731D9A3FCB001CF9A4 = {
						CreatedOnToolsVersion = 7.2;
					};
					A9750C8C1D9A3FCB001CF9A4 = {
						CreatedOnToolsVersion = 7.2;
						TestTargetID = A9750C731D9A3FCB001CF9A4;
					};
					A9750C971D9A3FCB001CF9A4 = {
						CreatedOnToolsVersion = 7.2;
						TestTargetID = A9750C731D9A3FCB001CF9A4;
					};
				};
			};
			buildConfigurationList = A9750C6F1D9A3FCB001CF9A4 /* Build configuration list for PBXProject "scrollview" */;
			compatibilityVersion = "Xcode 3.2";
			developmentRegion = English;
			hasScannedForEncodings = 0;
			knownRegions = (
				en,
				Base,
			);
			mainGroup = A9750C6B1D9A3FCB001CF9A4;
			productRefGroup = A9750C751D9A3FCB001CF9A4 /* Products */;
			projectDirPath = "";
			projectRoot = "";
			targets = (
				A9750C731D9A3FCB001CF9A4 /* scrollview */,
				A9750C8C1D9A3FCB001CF9A4 /* scrollviewTests */,
				A9750C971D9A3FCB001CF9A4 /* scrollviewUITests */,
			);
		};
/* End PBXProject section */

/* Begin PBXResourcesBuildPhase section */
		A9750C721D9A3FCB001CF9A4 /* Resources */ = {
			isa = PBXResourcesBuildPhase;
			buildActionMask = 2147483647;
			files = (
				A9750C871D9A3FCB001CF9A4 /* LaunchScreen.storyboard in Resources */,
				A9750C841D9A3FCB001CF9A4 /* Assets.xcassets in Resources */,
				A9750C821D9A3FCB001CF9A4 /* Main.storyboard in Resources */,
			);
			runOnlyForDeploymentPostprocessing = 0;
		};
		A9750C8B1D9A3FCB001CF9A4 /* Resources */ = {
			isa = PBXResourcesBuildPhase;
			buildActionMask = 2147483647;
			files = (
			);
			runOnlyForDeploymentPostprocessing = 0;
		};
		A9750C961D9A3FCB001CF9A4 /* Resources */ = {
			isa = PBXResourcesBuildPhase;
			buildActionMask = 2147483647;
			files = (
			);
			runOnlyForDeploymentPostprocessing = 0;
		};
/* End PBXResourcesBuildPhase section */

/* Begin PBXSourcesBuildPhase section */
		A9750C701D9A3FCB001CF9A4 /* Sources */ = {
			isa = PBXSourcesBuildPhase;
			buildActionMask = 2147483647;
			files = (
				A9750CAC1D9A3FF3001CF9A4 /* ZSScrollview.m in Sources */,
				A9750C7F1D9A3FCB001CF9A4 /* ViewController.m in Sources */,
				A9750C7C1D9A3FCB001CF9A4 /* AppDelegate.m in Sources */,
				A9750C791D9A3FCB001CF9A4 /* main.m in Sources */,
				A9750CB21D9A68AD001CF9A4 /* DrawCircleProgressButton.m in Sources */,
				A9750CAF1D9A6304001CF9A4 /* DarwCircleProgressButton.m in Sources */,
			);
			runOnlyForDeploymentPostprocessing = 0;
		};
		A9750C891D9A3FCB001CF9A4 /* Sources */ = {
			isa = PBXSourcesBuildPhase;
			buildActionMask = 2147483647;
			files = (
				A9750C921D9A3FCB001CF9A4 /* scrollviewTests.m in Sources */,
			);
			runOnlyForDeploymentPostprocessing = 0;
		};
		A9750C941D9A3FCB001CF9A4 /* Sources */ = {
			isa = PBXSourcesBuildPhase;
			buildActionMask = 2147483647;
			files = (
				A9750C9D1D9A3FCB001CF9A4 /* scrollviewUITests.m in Sources */,
			);
			runOnlyForDeploymentPostprocessing = 0;
		};
/* End PBXSourcesBuildPhase section */

/* Begin PBXTargetDependency section */
		A9750C8F1D9A3FCB001CF9A4 /* PBXTargetDependency */ = {
			isa = PBXTargetDependency;
			target = A9750C731D9A3FCB001CF9A4 /* scrollview */;
			targetProxy = A9750C8E1D9A3FCB001CF9A4 /* PBXContainerItemProxy */;
		};
		A9750C9A1D9A3FCB001CF9A4 /* PBXTargetDependency */ = {
			isa = PBXTargetDependency;
			target = A9750C731D9A3FCB001CF9A4 /* scrollview */;
			targetProxy = A9750C991D9A3FCB001CF9A4 /* PBXContainerItemProxy */;
		};
/* End PBXTargetDependency section */

/* Begin PBXVariantGroup section */
		A9750C801D9A3FCB001CF9A4 /* Main.storyboard */ = {
			isa = PBXVariantGroup;
			children = (
				A9750C811D9A3FCB001CF9A4 /* Base */,
			);
			name = Main.storyboard;
			sourceTree = "<group>";
		};
		A9750C851D9A3FCB001CF9A4 /* LaunchScreen.storyboard */ = {
			isa = PBXVariantGroup;
			children = (
				A9750C861D9A3FCB001CF9A4 /* Base */,
			);
			name = LaunchScreen.storyboard;
			sourceTree = "<group>";
		};
/* End PBXVariantGroup section */

/* Begin XCBuildConfiguration section */
		A9750C9F1D9A3FCB001CF9A4 /* Debug */ = {
			isa = XCBuildConfiguration;
			buildSettings = {
				ALWAYS_SEARCH_USER_PATHS = NO;
				CLANG_CXX_LANGUAGE_STANDARD = "gnu++0x";
				CLANG_CXX_LIBRARY = "libc++";
				CLANG_ENABLE_MODULES = YES;
				CLANG_ENABLE_OBJC_ARC = YES;
				CLANG_WARN_BOOL_CONVERSION = YES;
				CLANG_WARN_CONSTANT_CONVERSION = YES;
				CLANG_WARN_DIRECT_OBJC_ISA_USAGE = YES_ERROR;
				CLANG_WARN_EMPTY_BODY = YES;
				CLANG_WARN_ENUM_CONVERSION = YES;
				CLANG_WARN_INT_CONVERSION = YES;
				CLANG_WARN_OBJC_ROOT_CLASS = YES_ERROR;
				CLANG_WARN_UNREACHABLE_CODE = YES;
				CLANG_WARN__DUPLICATE_METHOD_MATCH = YES;
				"CODE_SIGN_IDENTITY[sdk=iphoneos*]" = "iPhone Developer";
				COPY_PHASE_STRIP = NO;
				DEBUG_INFORMATION_FORMAT = dwarf;
				ENABLE_STRICT_OBJC_MSGSEND = YES;
				ENABLE_TESTABILITY = YES;
				GCC_C_LANGUAGE_STANDARD = gnu99;
				GCC_DYNAMIC_NO_PIC = NO;
				GCC_NO_COMMON_BLOCKS = YES;
				GCC_OPTIMIZATION_LEVEL = 0;
				GCC_PREPROCESSOR_DEFINITIONS = (
					"DEBUG=1",
					"$(inherited)",
				);
				GCC_WARN_64_TO_32_BIT_CONVERSION = YES;
				GCC_WARN_ABOUT_RETURN_TYPE = YES_ERROR;
				GCC_WARN_UNDECLARED_SELECTOR = YES;
				GCC_WARN_UNINITIALIZED_AUTOS = YES_AGGRESSIVE;
				GCC_WARN_UNUSED_FUNCTION = YES;
				GCC_WARN_UNUSED_VARIABLE = YES;
				IPHONEOS_DEPLOYMENT_TARGET = 9.2;
				MTL_ENABLE_DEBUG_INFO = YES;
				ONLY_ACTIVE_ARCH = YES;
				SDKROOT = iphoneos;
				TARGETED_DEVICE_FAMILY = "1,2";
			};
			name = Debug;
		};
		A9750CA01D9A3FCB001CF9A4 /* Release */ = {
			isa = XCBuildConfiguration;
			buildSettings = {
				ALWAYS_SEARCH_USER_PATHS = NO;
				CLANG_CXX_LANGUAGE_STANDARD = "gnu++0x";
				CLANG_CXX_LIBRARY = "libc++";
				CLANG_ENABLE_MODULES = YES;
				CLANG_ENABLE_OBJC_ARC = YES;
				CLANG_WARN_BOOL_CONVERSION = YES;
				CLANG_WARN_CONSTANT_CONVERSION = YES;
				CLANG_WARN_DIRECT_OBJC_ISA_USAGE = YES_ERROR;
				CLANG_WARN_EMPTY_BODY = YES;
				CLANG_WARN_ENUM_CONVERSION = YES;
				CLANG_WARN_INT_CONVERSION = YES;
				CLANG_WARN_OBJC_ROOT_CLASS = YES_ERROR;
				CLANG_WARN_UNREACHABLE_CODE = YES;
				CLANG_WARN__DUPLICATE_METHOD_MATCH = YES;
				"CODE_SIGN_IDENTITY[sdk=iphoneos*]" = "iPhone Developer";
				COPY_PHASE_STRIP = NO;
				DEBUG_INFORMATION_FORMAT = "dwarf-with-dsym";
				ENABLE_NS_ASSERTIONS = NO;
				ENABLE_STRICT_OBJC_MSGSEND = YES;
				GCC_C_LANGUAGE_STANDARD = gnu99;
				GCC_NO_COMMON_BLOCKS = YES;
				GCC_WARN_64_TO_32_BIT_CONVERSION = YES;
				GCC_WARN_ABOUT_RETURN_TYPE = YES_ERROR;
				GCC_WARN_UNDECLARED_SELECTOR = YES;
				GCC_WARN_UNINITIALIZED_AUTOS = YES_AGGRESSIVE;
				GCC_WARN_UNUSED_FUNCTION = YES;
				GCC_WARN_UNUSED_VARIABLE = YES;
				IPHONEOS_DEPLOYMENT_TARGET = 9.2;
				MTL_ENABLE_DEBUG_INFO = NO;
				SDKROOT = iphoneos;
				TARGETED_DEVICE_FAMILY = "1,2";
				VALIDATE_PRODUCT = YES;
			};
			name = Release;
		};
		A9750CA21D9A3FCB001CF9A4 /* Debug */ = {
			isa = XCBuildConfiguration;
			buildSettings = {
				ASSETCATALOG_COMPILER_APPICON_NAME = AppIcon;
				INFOPLIST_FILE = scrollview/Info.plist;
				IPHONEOS_DEPLOYMENT_TARGET = 8.0;
				LD_RUNPATH_SEARCH_PATHS = "$(inherited) @executable_path/Frameworks";
				PRODUCT_BUNDLE_IDENTIFIER = ZSCreate.scrollview;
				PRODUCT_NAME = "$(TARGET_NAME)";
			};
			name = Debug;
		};
		A9750CA31D9A3FCB001CF9A4 /* Release */ = {
			isa = XCBuildConfiguration;
			buildSettings = {
				ASSETCATALOG_COMPILER_APPICON_NAME = AppIcon;
				INFOPLIST_FILE = scrollview/Info.plist;
				IPHONEOS_DEPLOYMENT_TARGET = 8.0;
				LD_RUNPATH_SEARCH_PATHS = "$(inherited) @executable_path/Frameworks";
				PRODUCT_BUNDLE_IDENTIFIER = ZSCreate.scrollview;
				PRODUCT_NAME = "$(TARGET_NAME)";
			};
			name = Release;
		};
		A9750CA51D9A3FCB001CF9A4 /* Debug */ = {
			isa = XCBuildConfiguration;
			buildSettings = {
				BUNDLE_LOADER = "$(TEST_HOST)";
				INFOPLIST_FILE = scrollviewTests/Info.plist;
				LD_RUNPATH_SEARCH_PATHS = "$(inherited) @executable_path/Frameworks @loader_path/Frameworks";
				PRODUCT_BUNDLE_IDENTIFIER = ZSCreate.scrollviewTests;
				PRODUCT_NAME = "$(TARGET_NAME)";
				TEST_HOST = "$(BUILT_PRODUCTS_DIR)/scrollview.app/scrollview";
			};
			name = Debug;
		};
		A9750CA61D9A3FCB001CF9A4 /* Release */ = {
			isa = XCBuildConfiguration;
			buildSettings = {
				BUNDLE_LOADER = "$(TEST_HOST)";
				INFOPLIST_FILE = scrollviewTests/Info.plist;
				LD_RUNPATH_SEARCH_PATHS = "$(inherited) @executable_path/Frameworks @loader_path/Frameworks";
				PRODUCT_BUNDLE_IDENTIFIER = ZSCreate.scrollviewTests;
				PRODUCT_NAME = "$(TARGET_NAME)";
				TEST_HOST = "$(BUILT_PRODUCTS_DIR)/scrollview.app/scrollview";
			};
			name = Release;
		};
		A9750CA81D9A3FCB001CF9A4 /* Debug */ = {
			isa = XCBuildConfiguration;
			buildSettings = {
				INFOPLIST_FILE = scrollviewUITests/Info.plist;
				LD_RUNPATH_SEARCH_PATHS = "$(inherited) @executable_path/Frameworks @loader_path/Frameworks";
				PRODUCT_BUNDLE_IDENTIFIER = ZSCreate.scrollviewUITests;
				PRODUCT_NAME = "$(TARGET_NAME)";
				TEST_TARGET_NAME = scrollview;
				USES_XCTRUNNER = YES;
			};
			name = Debug;
		};
		A9750CA91D9A3FCB001CF9A4 /* Release */ = {
			isa = XCBuildConfiguration;
			buildSettings = {
				INFOPLIST_FILE = scrollviewUITests/Info.plist;
				LD_RUNPATH_SEARCH_PATHS = "$(inherited) @executable_path/Frameworks @loader_path/Frameworks";
				PRODUCT_BUNDLE_IDENTIFIER = ZSCreate.scrollviewUITests;
				PRODUCT_NAME = "$(TARGET_NAME)";
				TEST_TARGET_NAME = scrollview;
				USES_XCTRUNNER = YES;
			};
			name = Release;
		};
/* End XCBuildConfiguration section */

/* Begin XCConfigurationList section */
		A9750C6F1D9A3FCB001CF9A4 /* Build configuration list for PBXProject "scrollview" */ = {
			isa = XCConfigurationList;
			buildConfigurations = (
				A9750C9F1D9A3FCB001CF9A4 /* Debug */,
				A9750CA01D9A3FCB001CF9A4 /* Release */,
			);
			defaultConfigurationIsVisible = 0;
			defaultConfigurationName = Release;
		};
		A9750CA11D9A3FCB001CF9A4 /* Build configuration list for PBXNativeTarget "scrollview" */ = {
			isa = XCConfigurationList;
			buildConfigurations = (
				A9750CA21D9A3FCB001CF9A4 /* Debug */,
				A9750CA31D9A3FCB001CF9A4 /* Release */,
			);
			defaultConfigurationIsVisible = 0;
			defaultConfigurationName = Release;
		};
		A9750CA41D9A3FCB001CF9A4 /* Build configuration list for PBXNativeTarget "scrollviewTests" */ = {
			isa = XCConfigurationList;
			buildConfigurations = (
				A9750CA51D9A3FCB001CF9A4 /* Debug */,
				A9750CA61D9A3FCB001CF9A4 /* Release */,
			);
			defaultConfigurationIsVisible = 0;
			defaultConfigurationName = Release;
		};
		A9750CA71D9A3FCB001CF9A4 /* Build configuration list for PBXNativeTarget "scrollviewUITests" */ = {
			isa = XCConfigurationList;
			buildConfigurations = (
				A9750CA81D9A3FCB001CF9A4 /* Debug */,
				A9750CA91D9A3FCB001CF9A4 /* Release */,
			);
			defaultConfigurationIsVisible = 0;
			defaultConfigurationName = Release;
		};
/* End XCConfigurationList section */
	};
	rootObject = A9750C6C1D9A3FCB001CF9A4 /* Project object */;
}
